
Microsoft Visual Studio Solution File, Format Version 12.00
# Visual Studio Version 16
VisualStudioVersion = 16.0.30011.22
MinimumVisualStudioVersion = 10.0.40219.1
Project("{FAE04EC0-301F-11D3-BF4B-00C04F79EFBC}") = "OPC UA Reader", "OPC UA Reader\OPC UA Reader.csproj", "{916C0DD3-32F8-4841-B3DD-2110C0F1895C}"
EndProject
Global
	GlobalSection(SolutionConfigurationPlatforms) = preSolution
		Debug|Any CPU = Debug|Any CPU
		Release|Any CPU = Release|Any CPU
	EndGlobalSection
	GlobalSection(ProjectConfigurationPlatforms) = postSolution
		{916C0DD3-32F8-4841-B3DD-2110C0F1895C}.Debug|Any CPU.ActiveCfg = Debug|Any CPU
		{916C0DD3-32F8-4841-B3DD-2110C0F1895C}.Debug|Any CPU.Build.0 = Debug|Any CPU
		{916C0DD3-32F8-4841-B3DD-2110C0F1895C}.Release|Any CPU.ActiveCfg = Release|Any CPU
		{916C0DD3-32F8-4841-B3DD-2110C0F1895C}.Release|Any CPU.Build.0 = Release|Any CPU
	EndGlobalSection
	GlobalSection(SolutionProperties) = preSolution
		HideSolutionNode = FALSE
	EndGlobalSection
	GlobalSection(ExtensibilityGlobals) = postSolution
		SolutionGuid = {33ABBD2A-62D9-4935-A733-DF62406152B5}
	EndGlobalSection
EndGlobal
